Microsoft Visual Studio Solution File, Format Version 11.00
# Visual Studio 2008

Project("{70FB5B53-9949-1BE7-459A-F41EDDED7FC4}") = "Spotter", "Assembly-CSharp.csproj", "{924F244E-9E07-09B8-F0CF-942DCCF6B2DD}"
EndProject
Project("{70FB5B53-9949-1BE7-459A-F41EDDED7FC4}") = "Spotter", "Assembly-CSharp-Editor.csproj", "{967ED88F-5FCA-4AAB-A882-EAAFF4DD7B3B}"
EndProject
Global
	GlobalSection(SolutionConfigurationPlatforms) = preSolution
		Debug|Any CPU = Debug|Any CPU
		Release|Any CPU = Release|Any CPU
	EndGlobalSection
	GlobalSection(ProjectConfigurationPlatforms) = postSolution
		{924F244E-9E07-09B8-F0CF-942DCCF6B2DD}.Debug|Any CPU.ActiveCfg = Debug|Any CPU
		{924F244E-9E07-09B8-F0CF-942DCCF6B2DD}.Debug|Any CPU.Build.0 = Debug|Any CPU
		{924F244E-9E07-09B8-F0CF-942DCCF6B2DD}.Release|Any CPU.ActiveCfg = Release|Any CPU
		{924F244E-9E07-09B8-F0CF-942DCCF6B2DD}.Release|Any CPU.Build.0 = Release|Any CPU
		{967ED88F-5FCA-4AAB-A882-EAAFF4DD7B3B}.Debug|Any CPU.ActiveCfg = Debug|Any CPU
		{967ED88F-5FCA-4AAB-A882-EAAFF4DD7B3B}.Debug|Any CPU.Build.0 = Debug|Any CPU
		{967ED88F-5FCA-4AAB-A882-EAAFF4DD7B3B}.Release|Any CPU.ActiveCfg = Release|Any CPU
		{967ED88F-5FCA-4AAB-A882-EAAFF4DD7B3B}.Release|Any CPU.Build.0 = Release|Any CPU
	EndGlobalSection
	GlobalSection(SolutionProperties) = preSolution
		HideSolutionNode = FALSE
	EndGlobalSection
																																																									GlobalSection(MonoDevelopProperties) = preSolution
		StartupItem = Assembly-CSharp.csproj
		Policies = $0
		$0.TextStylePolicy = $1
		$1.inheritsSet = null
		$1.scope = text/x-csharp
		$0.CSharpFormattingPolicy = $2
		$2.inheritsSet = Mono
		$2.inheritsScope = text/x-csharp
		$2.scope = text/x-csharp
		$0.TextStylePolicy = $3
		$3.FileWidth = 120
		$3.TabWidth = 4
		$3.EolMarker = Unix
		$3.inheritsSet = Mono
		$3.inheritsScope = text/plain
		$3.scope = text/plain
	EndGlobalSection

EndGlobal
